
Microsoft Visual Studio Solution File, Format Version 12.00
Project("{FAE04EC0-301F-11D3-BF4B-00C04F79EFBC}") = "SymbCalc_L2", "SymbCalc_L2\SymbCalc_L2.csproj", "{6EBA1B72-E818-42D7-8C49-629C9925DA6C}"
EndProject
Global
	GlobalSection(SolutionConfigurationPlatforms) = preSolution
		Debug|Any CPU = Debug|Any CPU
		Release|Any CPU = Release|Any CPU
	EndGlobalSection
	GlobalSection(ProjectConfigurationPlatforms) = postSolution
		{6EBA1B72-E818-42D7-8C49-629C9925DA6C}.Debug|Any CPU.ActiveCfg = Debug|Any CPU
		{6EBA1B72-E818-42D7-8C49-629C9925DA6C}.Debug|Any CPU.Build.0 = Debug|Any CPU
		{6EBA1B72-E818-42D7-8C49-629C9925DA6C}.Release|Any CPU.ActiveCfg = Release|Any CPU
		{6EBA1B72-E818-42D7-8C49-629C9925DA6C}.Release|Any CPU.Build.0 = Release|Any CPU
	EndGlobalSection
EndGlobal
